// !$*UTF8*$!
{
	archiveVersion = 1;
	classes = {
	};
	objectVersion = 46;
	objects = {

/* Begin PBXBuildFile section */
		5E63B9581EA5DA2500318C05 /* NewViewController.swift in Sources */ = {isa = PBXBuildFile; fileRef = 5E63B9571EA5DA2500318C05 /* NewViewController.swift */; };
		5EDCAEED1EA51B9F0038ED2A /* AppDelegate.swift in Sources */ = {isa = PBXBuildFile; fileRef = 5EDCAEEC1EA51B9F0038ED2A /* AppDelegate.swift */; };
		5EDCAEEF1EA51B9F0038ED2A /* ViewController.swift in Sources */ = {isa = PBXBuildFile; fileRef = 5EDCAEEE1EA51B9F0038ED2A /* ViewController.swift */; };
		5EDCAEF21EA51B9F0038ED2A /* Main.storyboard in Resources */ = {isa = PBXBuildFile; fileRef = 5EDCAEF01EA51B9F0038ED2A /* Main.storyboard */; };
		5EDCAEF41EA51B9F0038ED2A /* Assets.xcassets in Resources */ = {isa = PBXBuildFile; fileRef = 5EDCAEF31EA51B9F0038ED2A /* Assets.xcassets */; };
		5EDCAEF71EA51B9F0038ED2A /* LaunchScreen.storyboard in Resources */ = {isa = PBXBuildFile; fileRef = 5EDCAEF51EA51B9F0038ED2A /* LaunchScreen.storyboard */; };
		5EDCAF0C1EA51EF40038ED2A /* CollectionViewCell.swift in Sources */ = {isa = PBXBuildFile; fileRef = 5EDCAF0B1EA51EF40038ED2A /* CollectionViewCell.swift */; };
		5EF5706C1EA8E11F00B9B1D7 /* NetworkService.swift in Sources */ = {isa = PBXBuildFile; fileRef = 5EF5706B1EA8E11F00B9B1D7 /* NetworkService.swift */; };
		5EF570711EA8E51A00B9B1D7 /* CollectionViewCellInfo.swift in Sources */ = {isa = PBXBuildFile; fileRef = 5EF570701EA8E51A00B9B1D7 /* CollectionViewCellInfo.swift */; };
/* End PBXBuildFile section */

/* Begin PBXFileReference section */
		5E63B9571EA5DA2500318C05 /* NewViewController.swift */ = {isa = PBXFileReference; fileEncoding = 4; lastKnownFileType = sourcecode.swift; path = NewViewController.swift; sourceTree = "<group>"; };
		5EDCAEE91EA51B9F0038ED2A /* UICollectionViewDemo.app */ = {isa = PBXFileReference; explicitFileType = wrapper.application; includeInIndex = 0; path = UICollectionViewDemo.app; sourceTree = BUILT_PRODUCTS_DIR; };
		5EDCAEEC1EA51B9F0038ED2A /* AppDelegate.swift */ = {isa = PBXFileReference; lastKnownFileType = sourcecode.swift; path = AppDelegate.swift; sourceTree = "<group>"; };
		5EDCAEEE1EA51B9F0038ED2A /* ViewController.swift */ = {isa = PBXFileReference; lastKnownFileType = sourcecode.swift; path = ViewController.swift; sourceTree = "<group>"; };
		5EDCAEF11EA51B9F0038ED2A /* Base */ = {isa = PBXFileReference; lastKnownFileType = file.storyboard; name = Base; path = Base.lproj/Main.storyboard; sourceTree = "<group>"; };
		5EDCAEF31EA51B9F0038ED2A /* Assets.xcassets */ = {isa = PBXFileReference; lastKnownFileType = folder.assetcatalog; path = Assets.xcassets; sourceTree = "<group>"; };
		5EDCAEF61EA51B9F0038ED2A /* Base */ = {isa = PBXFileReference; lastKnownFileType = file.storyboard; name = Base; path = Base.lproj/LaunchScreen.storyboard; sourceTree = "<group>"; };
		5EDCAEF81EA51B9F0038ED2A /* Info.plist */ = {isa = PBXFileReference; lastKnownFileType = text.plist.xml; path = Info.plist; sourceTree = "<group>"; };
		5EDCAF0B1EA51EF40038ED2A /* CollectionViewCell.swift */ = {isa = PBXFileReference; fileEncoding = 4; lastKnownFileType = sourcecode.swift; path = CollectionViewCell.swift; sourceTree = "<group>"; };
		5EF5706B1EA8E11F00B9B1D7 /* NetworkService.swift */ = {isa = PBXFileReference; fileEncoding = 4; lastKnownFileType = sourcecode.swift; path = NetworkService.swift; sourceTree = "<group>"; };
		5EF570701EA8E51A00B9B1D7 /* CollectionViewCellInfo.swift */ = {isa = PBXFileReference; fileEncoding = 4; lastKnownFileType = sourcecode.swift; path = CollectionViewCellInfo.swift; sourceTree = "<group>"; };
/* End PBXFileReference section */

/* Begin PBXFrameworksBuildPhase section */
		5EDCAEE61EA51B9F0038ED2A /* Frameworks */ = {
			isa = PBXFrameworksBuildPhase;
			buildActionMask = 2147483647;
			files = (
			);
			runOnlyForDeploymentPostprocessing = 0;
		};
/* End PBXFrameworksBuildPhase section */

/* Begin PBXGroup section */
		5EDCAEE01EA51B9F0038ED2A = {
			isa = PBXGroup;
			children = (
				5EDCAEEB1EA51B9F0038ED2A /* UICollectionViewDemo */,
				5EDCAEEA1EA51B9F0038ED2A /* Products */,
			);
			sourceTree = "<group>";
		};
		5EDCAEEA1EA51B9F0038ED2A /* Products */ = {
			isa = PBXGroup;
			children = (
				5EDCAEE91EA51B9F0038ED2A /* UICollectionViewDemo.app */,
			);
			name = Products;
			sourceTree = "<group>";
		};
		5EDCAEEB1EA51B9F0038ED2A /* UICollectionViewDemo */ = {
			isa = PBXGroup;
			children = (
				5EF5706B1EA8E11F00B9B1D7 /* NetworkService.swift */,
				5EF570701EA8E51A00B9B1D7 /* CollectionViewCellInfo.swift */,
				5EDCAEEE1EA51B9F0038ED2A /* ViewController.swift */,
				5EDCAF0B1EA51EF40038ED2A /* CollectionViewCell.swift */,
				5E63B9571EA5DA2500318C05 /* NewViewController.swift */,
				5EDCAEF01EA51B9F0038ED2A /* Main.storyboard */,
				5EF5706D1EA8E18200B9B1D7 /* Supporting Files */,
			);
			path = UICollectionViewDemo;
			sourceTree = "<group>";
		};
		5EF5706D1EA8E18200B9B1D7 /* Supporting Files */ = {
			isa = PBXGroup;
			children = (
				5EDCAEEC1EA51B9F0038ED2A /* AppDelegate.swift */,
				5EDCAEF31EA51B9F0038ED2A /* Assets.xcassets */,
				5EDCAEF51EA51B9F0038ED2A /* LaunchScreen.storyboard */,
				5EDCAEF81EA51B9F0038ED2A /* Info.plist */,
			);
			name = "Supporting Files";
			sourceTree = "<group>";
		};
/* End PBXGroup section */

/* Begin PBXNativeTarget section */
		5EDCAEE81EA51B9F0038ED2A /* UICollectionViewDemo */ = {
			isa = PBXNativeTarget;
			buildConfigurationList = 5EDCAEFB1EA51B9F0038ED2A /* Build configuration list for PBXNativeTarget "UICollectionViewDemo" */;
			buildPhases = (
				5EDCAEE51EA51B9F0038ED2A /* Sources */,
				5EDCAEE61EA51B9F0038ED2A /* Frameworks */,
				5EDCAEE71EA51B9F0038ED2A /* Resources */,
			);
			buildRules = (
			);
			dependencies = (
			);
			name = UICollectionViewDemo;
			productName = UICollectionViewDemo;
			productReference = 5EDCAEE91EA51B9F0038ED2A /* UICollectionViewDemo.app */;
			productType = "com.apple.product-type.application";
		};
/* End PBXNativeTarget section */

/* Begin PBXProject section */
		5EDCAEE11EA51B9F0038ED2A /* Project object */ = {
			isa = PBXProject;
			attributes = {
				LastSwiftUpdateCheck = 0830;
				LastUpgradeCheck = 0830;
				ORGANIZATIONNAME = com.tringapps;
				TargetAttributes = {
					5EDCAEE81EA51B9F0038ED2A = {
						CreatedOnToolsVersion = 8.3.1;
						DevelopmentTeam = 8739AQZ43Q;
						ProvisioningStyle = Manual;
					};
				};
			};
			buildConfigurationList = 5EDCAEE41EA51B9F0038ED2A /* Build configuration list for PBXProject "UICollectionViewDemo" */;
			compatibilityVersion = "Xcode 3.2";
			developmentRegion = English;
			hasScannedForEncodings = 0;
			knownRegions = (
				en,
				Base,
			);
			mainGroup = 5EDCAEE01EA51B9F0038ED2A;
			productRefGroup = 5EDCAEEA1EA51B9F0038ED2A /* Products */;
			projectDirPath = "";
			projectRoot = "";
			targets = (
				5EDCAEE81EA51B9F0038ED2A /* UICollectionViewDemo */,
			);
		};
/* End PBXProject section */

/* Begin PBXResourcesBuildPhase section */
		5EDCAEE71EA51B9F0038ED2A /* Resources */ = {
			isa = PBXResourcesBuildPhase;
			buildActionMask = 2147483647;
			files = (
				5EDCAEF71EA51B9F0038ED2A /* LaunchScreen.storyboard in Resources */,
				5EDCAEF41EA51B9F0038ED2A /* Assets.xcassets in Resources */,
				5EDCAEF21EA51B9F0038ED2A /* Main.storyboard in Resources */,
			);
			runOnlyForDeploymentPostprocessing = 0;
		};
/* End PBXResourcesBuildPhase section */

/* Begin PBXSourcesBuildPhase section */
		5EDCAEE51EA51B9F0038ED2A /* Sources */ = {
			isa = PBXSourcesBuildPhase;
			buildActionMask = 2147483647;
			files = (
				5EF5706C1EA8E11F00B9B1D7 /* NetworkService.swift in Sources */,
				5EDCAEEF1EA51B9F0038ED2A /* ViewController.swift in Sources */,
				5EDCAEED1EA51B9F0038ED2A /* AppDelegate.swift in Sources */,
				5EDCAF0C1EA51EF40038ED2A /* CollectionViewCell.swift in Sources */,
				5EF570711EA8E51A00B9B1D7 /* CollectionViewCellInfo.swift in Sources */,
				5E63B9581EA5DA2500318C05 /* NewViewController.swift in Sources */,
			);
			runOnlyForDeploymentPostprocessing = 0;
		};
/* End PBXSourcesBuildPhase section */

/* Begin PBXVariantGroup section */
		5EDCAEF01EA51B9F0038ED2A /* Main.storyboard */ = {
			isa = PBXVariantGroup;
			children = (
				5EDCAEF11EA51B9F0038ED2A /* Base */,
			);
			name = Main.storyboard;
			sourceTree = "<group>";
		};
		5EDCAEF51EA51B9F0038ED2A /* LaunchScreen.storyboard */ = {
			isa = PBXVariantGroup;
			children = (
				5EDCAEF61EA51B9F0038ED2A /* Base */,
			);
			name = LaunchScreen.storyboard;
			sourceTree = "<group>";
		};
/* End PBXVariantGroup section */

/* Begin XCBuildConfiguration section */
		5EDCAEF91EA51B9F0038ED2A /* Debug */ = {
			isa = XCBuildConfiguration;
			buildSettings = {
				ALWAYS_SEARCH_USER_PATHS = NO;
				CLANG_ANALYZER_NONNULL = YES;
				CLANG_ANALYZER_NUMBER_OBJECT_CONVERSION = YES_AGGRESSIVE;
				CLANG_CXX_LANGUAGE_STANDARD = "gnu++0x";
				CLANG_CXX_LIBRARY = "libc++";
				CLANG_ENABLE_MODULES = YES;
				CLANG_ENABLE_OBJC_ARC = YES;
				CLANG_WARN_BOOL_CONVERSION = YES;
				CLANG_WARN_CONSTANT_CONVERSION = YES;
				CLANG_WARN_DIRECT_OBJC_ISA_USAGE = YES_ERROR;
				CLANG_WARN_DOCUMENTATION_COMMENTS = YES;
				CLANG_WARN_EMPTY_BODY = YES;
				CLANG_WARN_ENUM_CONVERSION = YES;
				CLANG_WARN_INFINITE_RECURSION = YES;
				CLANG_WARN_INT_CONVERSION = YES;
				CLANG_WARN_OBJC_ROOT_CLASS = YES_ERROR;
				CLANG_WARN_SUSPICIOUS_MOVE = YES;
				CLANG_WARN_UNREACHABLE_CODE = YES;
				CLANG_WARN__DUPLICATE_METHOD_MATCH = YES;
				"CODE_SIGN_IDENTITY[sdk=iphoneos*]" = "iPhone Developer";
				COPY_PHASE_STRIP = NO;
				DEBUG_INFORMATION_FORMAT = dwarf;
				ENABLE_STRICT_OBJC_MSGSEND = YES;
				ENABLE_TESTABILITY = YES;
				GCC_C_LANGUAGE_STANDARD = gnu99;
				GCC_DYNAMIC_NO_PIC = NO;
				GCC_NO_COMMON_BLOCKS = YES;
				GCC_OPTIMIZATION_LEVEL = 0;
				GCC_PREPROCESSOR_DEFINITIONS = (
					"DEBUG=1",
					"$(inherited)",
				);
				GCC_WARN_64_TO_32_BIT_CONVERSION = YES;
				GCC_WARN_ABOUT_RETURN_TYPE = YES_ERROR;
				GCC_WARN_UNDECLARED_SELECTOR = YES;
				GCC_WARN_UNINITIALIZED_AUTOS = YES_AGGRESSIVE;
				GCC_WARN_UNUSED_FUNCTION = YES;
				GCC_WARN_UNUSED_VARIABLE = YES;
				IPHONEOS_DEPLOYMENT_TARGET = 9.2;
				MTL_ENABLE_DEBUG_INFO = YES;
				ONLY_ACTIVE_ARCH = YES;
				SDKROOT = iphoneos;
				SWIFT_ACTIVE_COMPILATION_CONDITIONS = DEBUG;
				SWIFT_OPTIMIZATION_LEVEL = "-Onone";
			};
			name = Debug;
		};
		5EDCAEFA1EA51B9F0038ED2A /* Release */ = {
			isa = XCBuildConfiguration;
			buildSettings = {
				ALWAYS_SEARCH_USER_PATHS = NO;
				CLANG_ANALYZER_NONNULL = YES;
				CLANG_ANALYZER_NUMBER_OBJECT_CONVERSION = YES_AGGRESSIVE;
				CLANG_CXX_LANGUAGE_STANDARD = "gnu++0x";
				CLANG_CXX_LIBRARY = "libc++";
				CLANG_ENABLE_MODULES = YES;
				CLANG_ENABLE_OBJC_ARC = YES;
				CLANG_WARN_BOOL_CONVERSION = YES;
				CLANG_WARN_CONSTANT_CONVERSION = YES;
				CLANG_WARN_DIRECT_OBJC_ISA_USAGE = YES_ERROR;
				CLANG_WARN_DOCUMENTATION_COMMENTS = YES;
				CLANG_WARN_EMPTY_BODY = YES;
				CLANG_WARN_ENUM_CONVERSION = YES;
				CLANG_WARN_INFINITE_RECURSION = YES;
				CLANG_WARN_INT_CONVERSION = YES;
				CLANG_WARN_OBJC_ROOT_CLASS = YES_ERROR;
				CLANG_WARN_SUSPICIOUS_MOVE = YES;
				CLANG_WARN_UNREACHABLE_CODE = YES;
				CLANG_WARN__DUPLICATE_METHOD_MATCH = YES;
				"CODE_SIGN_IDENTITY[sdk=iphoneos*]" = "iPhone Developer";
				COPY_PHASE_STRIP = NO;
				DEBUG_INFORMATION_FORMAT = "dwarf-with-dsym";
				ENABLE_NS_ASSERTIONS = NO;
				ENABLE_STRICT_OBJC_MSGSEND = YES;
				GCC_C_LANGUAGE_STANDARD = gnu99;
				GCC_NO_COMMON_BLOCKS = YES;
				GCC_WARN_64_TO_32_BIT_CONVERSION = YES;
				GCC_WARN_ABOUT_RETURN_TYPE = YES_ERROR;
				GCC_WARN_UNDECLARED_SELECTOR = YES;
				GCC_WARN_UNINITIALIZED_AUTOS = YES_AGGRESSIVE;
				GCC_WARN_UNUSED_FUNCTION = YES;
				GCC_WARN_UNUSED_VARIABLE = YES;
				IPHONEOS_DEPLOYMENT_TARGET = 9.2;
				MTL_ENABLE_DEBUG_INFO = NO;
				SDKROOT = iphoneos;
				SWIFT_OPTIMIZATION_LEVEL = "-Owholemodule";
				VALIDATE_PRODUCT = YES;
			};
			name = Release;
		};
		5EDCAEFC1EA51B9F0038ED2A /* Debug */ = {
			isa = XCBuildConfiguration;
			buildSettings = {
				ASSETCATALOG_COMPILER_APPICON_NAME = AppIcon;
				CODE_SIGN_IDENTITY = "iPhone Developer: Tringapps Research (88XQMTFALM)";
				DEVELOPMENT_TEAM = 8739AQZ43Q;
				INFOPLIST_FILE = UICollectionViewDemo/Info.plist;
				LD_RUNPATH_SEARCH_PATHS = "$(inherited) @executable_path/Frameworks";
				PRODUCT_BUNDLE_IDENTIFIER = com.tringapps.collectionviewpoc;
				PRODUCT_NAME = "$(TARGET_NAME)";
				PROVISIONING_PROFILE = "29e5bb54-67ee-4d80-8548-0ca548ebd5a0";
				PROVISIONING_PROFILE_SPECIFIER = AllAppDevProfile;
				SWIFT_VERSION = 3.0;
			};
			name = Debug;
		};
		5EDCAEFD1EA51B9F0038ED2A /* Release */ = {
			isa = XCBuildConfiguration;
			buildSettings = {
				ASSETCATALOG_COMPILER_APPICON_NAME = AppIcon;
				CODE_SIGN_IDENTITY = "iPhone Developer: Tringapps Research (88XQMTFALM)";
				DEVELOPMENT_TEAM = "";
				INFOPLIST_FILE = UICollectionViewDemo/Info.plist;
				LD_RUNPATH_SEARCH_PATHS = "$(inherited) @executable_path/Frameworks";
				PRODUCT_BUNDLE_IDENTIFIER = com.tringapps.collectionviewpoc;
				PRODUCT_NAME = "$(TARGET_NAME)";
				PROVISIONING_PROFILE = "";
				PROVISIONING_PROFILE_SPECIFIER = "";
				SWIFT_VERSION = 3.0;
			};
			name = Release;
		};
/* End XCBuildConfiguration section */

/* Begin XCConfigurationList section */
		5EDCAEE41EA51B9F0038ED2A /* Build configuration list for PBXProject "UICollectionViewDemo" */ = {
			isa = XCConfigurationList;
			buildConfigurations = (
				5EDCAEF91EA51B9F0038ED2A /* Debug */,
				5EDCAEFA1EA51B9F0038ED2A /* Release */,
			);
			defaultConfigurationIsVisible = 0;
			defaultConfigurationName = Release;
		};
		5EDCAEFB1EA51B9F0038ED2A /* Build configuration list for PBXNativeTarget "UICollectionViewDemo" */ = {
			isa = XCConfigurationList;
			buildConfigurations = (
				5EDCAEFC1EA51B9F0038ED2A /* Debug */,
				5EDCAEFD1EA51B9F0038ED2A /* Release */,
			);
			defaultConfigurationIsVisible = 0;
			defaultConfigurationName = Release;
		};
/* End XCConfigurationList section */
	};
	rootObject = 5EDCAEE11EA51B9F0038ED2A /* Project object */;
}
